
Microsoft Visual Studio Solution File, Format Version 12.00
# Visual Studio Version 17
VisualStudioVersion = 17.2.32519.379
MinimumVisualStudioVersion = 10.0.40219.1
Project("{9A19103F-16F7-4668-BE54-9A1E7A4F7556}") = "NeedForSpeed", "NeedForSpeed.csproj", "{CB4EEA23-A04F-44C0-A7BB-CA99910659CD}"
EndProject
Global
	GlobalSection(SolutionConfigurationPlatforms) = preSolution
		Debug|Any CPU = Debug|Any CPU
		Release|Any CPU = Release|Any CPU
	EndGlobalSection
	GlobalSection(ProjectConfigurationPlatforms) = postSolution
		{CB4EEA23-A04F-44C0-A7BB-CA99910659CD}.Debug|Any CPU.ActiveCfg = Debug|Any CPU
		{CB4EEA23-A04F-44C0-A7BB-CA99910659CD}.Debug|Any CPU.Build.0 = Debug|Any CPU
		{CB4EEA23-A04F-44C0-A7BB-CA99910659CD}.Release|Any CPU.ActiveCfg = Release|Any CPU
		{CB4EEA23-A04F-44C0-A7BB-CA99910659CD}.Release|Any CPU.Build.0 = Release|Any CPU
	EndGlobalSection
	GlobalSection(SolutionProperties) = preSolution
		HideSolutionNode = FALSE
	EndGlobalSection
	GlobalSection(ExtensibilityGlobals) = postSolution
		SolutionGuid = {D8DBB3B8-DDB9-4038-A812-04625B1B39DC}
	EndGlobalSection
EndGlobal
