
Microsoft Visual Studio Solution File, Format Version 12.00
# Visual Studio Version 17
VisualStudioVersion = 17.2.32519.379
MinimumVisualStudioVersion = 10.0.40219.1
Project("{9A19103F-16F7-4668-BE54-9A1E7A4F7556}") = "PlayersAndMonsters", "PlayersAndMonsters.csproj", "{B78CD8DE-7288-4B41-8B2C-8A01ED9F8156}"
EndProject
Global
	GlobalSection(SolutionConfigurationPlatforms) = preSolution
		Debug|Any CPU = Debug|Any CPU
		Release|Any CPU = Release|Any CPU
	EndGlobalSection
	GlobalSection(ProjectConfigurationPlatforms) = postSolution
		{B78CD8DE-7288-4B41-8B2C-8A01ED9F8156}.Debug|Any CPU.ActiveCfg = Debug|Any CPU
		{B78CD8DE-7288-4B41-8B2C-8A01ED9F8156}.Debug|Any CPU.Build.0 = Debug|Any CPU
		{B78CD8DE-7288-4B41-8B2C-8A01ED9F8156}.Release|Any CPU.ActiveCfg = Release|Any CPU
		{B78CD8DE-7288-4B41-8B2C-8A01ED9F8156}.Release|Any CPU.Build.0 = Release|Any CPU
	EndGlobalSection
	GlobalSection(SolutionProperties) = preSolution
		HideSolutionNode = FALSE
	EndGlobalSection
	GlobalSection(ExtensibilityGlobals) = postSolution
		SolutionGuid = {C8B19E7B-0970-45DD-9D30-E29E10CAEB8C}
	EndGlobalSection
EndGlobal
